
Microsoft Visual Studio Solution File, Format Version 12.00
# Visual Studio Version 17
VisualStudioVersion = 17.6.33723.286
MinimumVisualStudioVersion = 10.0.40219.1
Project("{FAE04EC0-301F-11D3-BF4B-00C04F79EFBC}") = "SimpleSolution.MySimpleLib", "SimpleSolution.MySimpleLib\SimpleSolution.MySimpleLib.csproj", "{8DD6B28F-C2B9-41CA-A1EE-2D1D0ED874EB}"
EndProject
Global
	GlobalSection(SolutionConfigurationPlatforms) = preSolution
		Debug|Any CPU = Debug|Any CPU
		Release|Any CPU = Release|Any CPU
	EndGlobalSection
	GlobalSection(ProjectConfigurationPlatforms) = postSolution
		{8DD6B28F-C2B9-41CA-A1EE-2D1D0ED874EB}.Debug|Any CPU.ActiveCfg = Debug|Any CPU
		{8DD6B28F-C2B9-41CA-A1EE-2D1D0ED874EB}.Debug|Any CPU.Build.0 = Debug|Any CPU
		{8DD6B28F-C2B9-41CA-A1EE-2D1D0ED874EB}.Release|Any CPU.ActiveCfg = Release|Any CPU
		{8DD6B28F-C2B9-41CA-A1EE-2D1D0ED874EB}.Release|Any CPU.Build.0 = Release|Any CPU
	EndGlobalSection
	GlobalSection(SolutionProperties) = preSolution
		HideSolutionNode = FALSE
	EndGlobalSection
	GlobalSection(ExtensibilityGlobals) = postSolution
		SolutionGuid = {41A28F52-B290-44AA-86DB-5ADB65FEBA57}
	EndGlobalSection
EndGlobal
